// !$*UTF8*$!
{
	archiveVersion = 1;
	classes = {
	};
	objectVersion = 52;
	objects = {

/* Begin PBXBuildFile section */
		020066EB2506FA6E003806ED /* DateAndTime.swift in Sources */ = {isa = PBXBuildFile; fileRef = 020066EA2506FA6E003806ED /* DateAndTime.swift */; };
		020066EF250AF4C5003806ED /* MainViewDialog.swift in Sources */ = {isa = PBXBuildFile; fileRef = 020066EE250AF4C5003806ED /* MainViewDialog.swift */; };
		02061D362503589200B93F04 /* TimetableViewController.swift in Sources */ = {isa = PBXBuildFile; fileRef = 02061D352503589200B93F04 /* TimetableViewController.swift */; };
		0209F0502556A11000D14C0A /* TimetableDialog.swift in Sources */ = {isa = PBXBuildFile; fileRef = 0209F04F2556A11000D14C0A /* TimetableDialog.swift */; };
		021677B4254506D500461F3A /* MapKit.framework in Frameworks */ = {isa = PBXBuildFile; fileRef = 021677B3254506D500461F3A /* MapKit.framework */; };
		022CDA6F254318120018CEC0 /* splash.png in Resources */ = {isa = PBXBuildFile; fileRef = 022CDA6E254318120018CEC0 /* splash.png */; };
		0236F16925031113008AEFF2 /* MainViewController.swift in Sources */ = {isa = PBXBuildFile; fileRef = 0236F16825031113008AEFF2 /* MainViewController.swift */; };
		02473D6A25222C380069A622 /* CalcTime.swift in Sources */ = {isa = PBXBuildFile; fileRef = 02473D6925222C380069A622 /* CalcTime.swift */; };
		02473D9C2529B1B50069A622 /* Localizable.strings in Resources */ = {isa = PBXBuildFile; fileRef = 02473D9E2529B1B50069A622 /* Localizable.strings */; };
		0254B31425569E2800577244 /* Timetable.swift in Sources */ = {isa = PBXBuildFile; fileRef = 0254B31325569E2800577244 /* Timetable.swift */; };
		02668A5C252E8A3700E2B2CD /* GoogleMobileAds.framework in Frameworks */ = {isa = PBXBuildFile; fileRef = 02668A5B252E8A3700E2B2CD /* GoogleMobileAds.framework */; };
		02DD3B472501333000B28F13 /* AppDelegate.swift in Sources */ = {isa = PBXBuildFile; fileRef = 02DD3B462501333000B28F13 /* AppDelegate.swift */; };
		02DD3B492501333000B28F13 /* SceneDelegate.swift in Sources */ = {isa = PBXBuildFile; fileRef = 02DD3B482501333000B28F13 /* SceneDelegate.swift */; };
		02DD3B4E2501333000B28F13 /* Main.storyboard in Resources */ = {isa = PBXBuildFile; fileRef = 02DD3B4C2501333000B28F13 /* Main.storyboard */; };
		02DD3B502501333200B28F13 /* Assets.xcassets in Resources */ = {isa = PBXBuildFile; fileRef = 02DD3B4F2501333200B28F13 /* Assets.xcassets */; };
		02DD3B532501333200B28F13 /* LaunchScreen.storyboard in Resources */ = {isa = PBXBuildFile; fileRef = 02DD3B512501333200B28F13 /* LaunchScreen.storyboard */; };
		02DD3B5E2501333200B28F13 /* mytimetablemakerTests.swift in Sources */ = {isa = PBXBuildFile; fileRef = 02DD3B5D2501333200B28F13 /* mytimetablemakerTests.swift */; };
		02DD3B692501333200B28F13 /* mytimetablemakerUITests.swift in Sources */ = {isa = PBXBuildFile; fileRef = 02DD3B682501333200B28F13 /* mytimetablemakerUITests.swift */; };
		02DD3B7A2501342E00B28F13 /* ic_settings1.png in Resources */ = {isa = PBXBuildFile; fileRef = 02DD3B772501342D00B28F13 /* ic_settings1.png */; };
		02DD3B7B2501342E00B28F13 /* ic_clock2.png in Resources */ = {isa = PBXBuildFile; fileRef = 02DD3B782501342D00B28F13 /* ic_clock2.png */; };
		02DD3B7D2501B5C500B28F13 /* VariousSettingTableViewController.swift in Sources */ = {isa = PBXBuildFile; fileRef = 02DD3B7C2501B5C500B28F13 /* VariousSettingTableViewController.swift */; };
		02DD3B7F2501BEC900B28F13 /* SettingsTableViewController.swift in Sources */ = {isa = PBXBuildFile; fileRef = 02DD3B7E2501BEC900B28F13 /* SettingsTableViewController.swift */; };
		02EABE4E2504CC9800628B40 /* ViewExtension.swift in Sources */ = {isa = PBXBuildFile; fileRef = 02EABE4D2504CC9800628B40 /* ViewExtension.swift */; };
		02EAEEBC2556AB4500DA86BD /* SettingDIalog.swift in Sources */ = {isa = PBXBuildFile; fileRef = 02EAEEBB2556AB4500DA86BD /* SettingDIalog.swift */; };
		02ED0836254C430F0030E2A7 /* DataExtension.swift in Sources */ = {isa = PBXBuildFile; fileRef = 02ED0835254C430F0030E2A7 /* DataExtension.swift */; };
		02F14B82254C2E7600AFDBE0 /* CalcExtension.swift in Sources */ = {isa = PBXBuildFile; fileRef = 02F14B81254C2E7600AFDBE0 /* CalcExtension.swift */; };
		02F6EC9D2558231800921E02 /* EnumSetting.swift in Sources */ = {isa = PBXBuildFile; fileRef = 02F6EC9C2558231800921E02 /* EnumSetting.swift */; };
		02FB83B625331E99003B21C7 /* GoogleAppMeasurement.framework in Frameworks */ = {isa = PBXBuildFile; fileRef = 02FB83B525331E99003B21C7 /* GoogleAppMeasurement.framework */; };
		02FB83B725331E9A003B21C7 /* GoogleAppMeasurement.framework in Frameworks */ = {isa = PBXBuildFile; fileRef = 02FB83B525331E99003B21C7 /* GoogleAppMeasurement.framework */; };
		02FB83B825331E9A003B21C7 /* GoogleAppMeasurement.framework in Frameworks */ = {isa = PBXBuildFile; fileRef = 02FB83B525331E99003B21C7 /* GoogleAppMeasurement.framework */; };
		02FB83BD25331EB3003B21C7 /* GoogleUtilities.xcframework in Frameworks */ = {isa = PBXBuildFile; fileRef = 02FB83BC25331EB3003B21C7 /* GoogleUtilities.xcframework */; };
		02FB83BE25331EB3003B21C7 /* GoogleUtilities.xcframework in Frameworks */ = {isa = PBXBuildFile; fileRef = 02FB83BC25331EB3003B21C7 /* GoogleUtilities.xcframework */; };
		02FB83BF25331EB3003B21C7 /* GoogleUtilities.xcframework in Frameworks */ = {isa = PBXBuildFile; fileRef = 02FB83BC25331EB3003B21C7 /* GoogleUtilities.xcframework */; };
		02FB83C425331EBC003B21C7 /* Licenses in Resources */ = {isa = PBXBuildFile; fileRef = 02FB83C325331EBC003B21C7 /* Licenses */; };
		02FB83C525331EBC003B21C7 /* Licenses in Resources */ = {isa = PBXBuildFile; fileRef = 02FB83C325331EBC003B21C7 /* Licenses */; };
		02FB83C625331EBC003B21C7 /* Licenses in Resources */ = {isa = PBXBuildFile; fileRef = 02FB83C325331EBC003B21C7 /* Licenses */; };
		02FB83CB25331EC6003B21C7 /* nanopb.xcframework in Frameworks */ = {isa = PBXBuildFile; fileRef = 02FB83CA25331EC6003B21C7 /* nanopb.xcframework */; };
		02FB83CC25331EC6003B21C7 /* nanopb.xcframework in Frameworks */ = {isa = PBXBuildFile; fileRef = 02FB83CA25331EC6003B21C7 /* nanopb.xcframework */; };
		02FB83CD25331EC6003B21C7 /* nanopb.xcframework in Frameworks */ = {isa = PBXBuildFile; fileRef = 02FB83CA25331EC6003B21C7 /* nanopb.xcframework */; };
		02FB83D225331ECE003B21C7 /* PromisesObjC.xcframework in Frameworks */ = {isa = PBXBuildFile; fileRef = 02FB83D125331ECE003B21C7 /* PromisesObjC.xcframework */; };
		02FB83D325331ECE003B21C7 /* PromisesObjC.xcframework in Frameworks */ = {isa = PBXBuildFile; fileRef = 02FB83D125331ECE003B21C7 /* PromisesObjC.xcframework */; };
		02FB83D425331ECE003B21C7 /* PromisesObjC.xcframework in Frameworks */ = {isa = PBXBuildFile; fileRef = 02FB83D125331ECE003B21C7 /* PromisesObjC.xcframework */; };
		02FB83D925331ED6003B21C7 /* UserMessagingPlatform.framework in Frameworks */ = {isa = PBXBuildFile; fileRef = 02FB83D825331ED6003B21C7 /* UserMessagingPlatform.framework */; };
		02FB83DA25331ED6003B21C7 /* UserMessagingPlatform.framework in Frameworks */ = {isa = PBXBuildFile; fileRef = 02FB83D825331ED6003B21C7 /* UserMessagingPlatform.framework */; };
		02FB83DB25331ED6003B21C7 /* UserMessagingPlatform.framework in Frameworks */ = {isa = PBXBuildFile; fileRef = 02FB83D825331ED6003B21C7 /* UserMessagingPlatform.framework */; };
		02FB83DD25331F18003B21C7 /* GoogleMobileAds.framework in Frameworks */ = {isa = PBXBuildFile; fileRef = 02FB83DC25331F18003B21C7 /* GoogleMobileAds.framework */; };
		02FB83DF25331F18003B21C7 /* GoogleMobileAds.framework in Frameworks */ = {isa = PBXBuildFile; fileRef = 02FB83DC25331F18003B21C7 /* GoogleMobileAds.framework */; };
		02FB8435253DD845003B21C7 /* InfoPlist.strings in Resources */ = {isa = PBXBuildFile; fileRef = 02FB8439253DD845003B21C7 /* InfoPlist.strings */; };
		02FB8436253DD845003B21C7 /* InfoPlist.strings in Resources */ = {isa = PBXBuildFile; fileRef = 02FB8439253DD845003B21C7 /* InfoPlist.strings */; };
		02FB8437253DD845003B21C7 /* InfoPlist.strings in Resources */ = {isa = PBXBuildFile; fileRef = 02FB8439253DD845003B21C7 /* InfoPlist.strings */; };
/* End PBXBuildFile section */

/* Begin PBXContainerItemProxy section */
		02DD3B5A2501333200B28F13 /* PBXContainerItemProxy */ = {
			isa = PBXContainerItemProxy;
			containerPortal = 02DD3B3B2501333000B28F13 /* Project object */;
			proxyType = 1;
			remoteGlobalIDString = 02DD3B422501333000B28F13;
			remoteInfo = mytimetablemaker;
		};
		02DD3B652501333200B28F13 /* PBXContainerItemProxy */ = {
			isa = PBXContainerItemProxy;
			containerPortal = 02DD3B3B2501333000B28F13 /* Project object */;
			proxyType = 1;
			remoteGlobalIDString = 02DD3B422501333000B28F13;
			remoteInfo = mytimetablemaker;
		};
/* End PBXContainerItemProxy section */

/* Begin PBXFileReference section */
		020066EA2506FA6E003806ED /* DateAndTime.swift */ = {isa = PBXFileReference; lastKnownFileType = sourcecode.swift; path = DateAndTime.swift; sourceTree = "<group>"; };
		020066EE250AF4C5003806ED /* MainViewDialog.swift */ = {isa = PBXFileReference; lastKnownFileType = sourcecode.swift; path = MainViewDialog.swift; sourceTree = "<group>"; };
		02061D352503589200B93F04 /* TimetableViewController.swift */ = {isa = PBXFileReference; lastKnownFileType = sourcecode.swift; path = TimetableViewController.swift; sourceTree = "<group>"; };
		0209F04F2556A11000D14C0A /* TimetableDialog.swift */ = {isa = PBXFileReference; lastKnownFileType = sourcecode.swift; path = TimetableDialog.swift; sourceTree = "<group>"; };
		021677B3254506D500461F3A /* MapKit.framework */ = {isa = PBXFileReference; lastKnownFileType = wrapper.framework; name = MapKit.framework; path = System/Library/Frameworks/MapKit.framework; sourceTree = SDKROOT; };
		022CDA6E254318120018CEC0 /* splash.png */ = {isa = PBXFileReference; lastKnownFileType = image.png; path = splash.png; sourceTree = "<group>"; };
		0236F16825031113008AEFF2 /* MainViewController.swift */ = {isa = PBXFileReference; lastKnownFileType = sourcecode.swift; path = MainViewController.swift; sourceTree = "<group>"; };
		02473D6925222C380069A622 /* CalcTime.swift */ = {isa = PBXFileReference; lastKnownFileType = sourcecode.swift; path = CalcTime.swift; sourceTree = "<group>"; };
		02473DA92529B2540069A622 /* ja */ = {isa = PBXFileReference; lastKnownFileType = text.plist.strings; name = ja; path = ja.lproj/LaunchScreen.strings; sourceTree = "<group>"; };
		02473DAA2529B2540069A622 /* ja */ = {isa = PBXFileReference; lastKnownFileType = text.plist.strings; name = ja; path = ja.lproj/Localizable.strings; sourceTree = "<group>"; };
		02473DAE2529B32D0069A622 /* ja */ = {isa = PBXFileReference; lastKnownFileType = file.storyboard; name = ja; path = ja.lproj/Main.storyboard; sourceTree = "<group>"; };
		02473DAF2529B3D10069A622 /* en */ = {isa = PBXFileReference; lastKnownFileType = text.plist.strings; name = en; path = en.lproj/Localizable.strings; sourceTree = "<group>"; };
		0254B31325569E2800577244 /* Timetable.swift */ = {isa = PBXFileReference; lastKnownFileType = sourcecode.swift; path = Timetable.swift; sourceTree = "<group>"; };
		02668A5B252E8A3700E2B2CD /* GoogleMobileAds.framework */ = {isa = PBXFileReference; lastKnownFileType = wrapper.framework; path = GoogleMobileAds.framework; sourceTree = "<group>"; };
		02DD3B432501333000B28F13 /* mytimetablemaker.app */ = {isa = PBXFileReference; explicitFileType = wrapper.application; includeInIndex = 0; path = mytimetablemaker.app; sourceTree = BUILT_PRODUCTS_DIR; };
		02DD3B462501333000B28F13 /* AppDelegate.swift */ = {isa = PBXFileReference; lastKnownFileType = sourcecode.swift; path = AppDelegate.swift; sourceTree = "<group>"; };
		02DD3B482501333000B28F13 /* SceneDelegate.swift */ = {isa = PBXFileReference; lastKnownFileType = sourcecode.swift; path = SceneDelegate.swift; sourceTree = "<group>"; };
		02DD3B4D2501333000B28F13 /* Base */ = {isa = PBXFileReference; lastKnownFileType = file.storyboard; name = Base; path = Base.lproj/Main.storyboard; sourceTree = "<group>"; };
		02DD3B4F2501333200B28F13 /* Assets.xcassets */ = {isa = PBXFileReference; lastKnownFileType = folder.assetcatalog; path = Assets.xcassets; sourceTree = "<group>"; };
		02DD3B522501333200B28F13 /* Base */ = {isa = PBXFileReference; lastKnownFileType = file.storyboard; name = Base; path = Base.lproj/LaunchScreen.storyboard; sourceTree = "<group>"; };
		02DD3B542501333200B28F13 /* Info.plist */ = {isa = PBXFileReference; lastKnownFileType = text.plist.xml; path = Info.plist; sourceTree = "<group>"; };
		02DD3B592501333200B28F13 /* mytimetablemakerTests.xctest */ = {isa = PBXFileReference; explicitFileType = wrapper.cfbundle; includeInIndex = 0; path = mytimetablemakerTests.xctest; sourceTree = BUILT_PRODUCTS_DIR; };
		02DD3B5D2501333200B28F13 /* mytimetablemakerTests.swift */ = {isa = PBXFileReference; lastKnownFileType = sourcecode.swift; path = mytimetablemakerTests.swift; sourceTree = "<group>"; };
		02DD3B5F2501333200B28F13 /* Info.plist */ = {isa = PBXFileReference; lastKnownFileType = text.plist.xml; path = Info.plist; sourceTree = "<group>"; };
		02DD3B642501333200B28F13 /* mytimetablemakerUITests.xctest */ = {isa = PBXFileReference; explicitFileType = wrapper.cfbundle; includeInIndex = 0; path = mytimetablemakerUITests.xctest; sourceTree = BUILT_PRODUCTS_DIR; };
		02DD3B682501333200B28F13 /* mytimetablemakerUITests.swift */ = {isa = PBXFileReference; lastKnownFileType = sourcecode.swift; path = mytimetablemakerUITests.swift; sourceTree = "<group>"; };
		02DD3B6A2501333200B28F13 /* Info.plist */ = {isa = PBXFileReference; lastKnownFileType = text.plist.xml; path = Info.plist; sourceTree = "<group>"; };
		02DD3B772501342D00B28F13 /* ic_settings1.png */ = {isa = PBXFileReference; lastKnownFileType = image.png; name = ic_settings1.png; path = "../../../AndroidStudioProjects/Timetable/app/src/main/res/drawable-v24/ic_settings1.png"; sourceTree = "<group>"; };
		02DD3B782501342D00B28F13 /* ic_clock2.png */ = {isa = PBXFileReference; lastKnownFileType = image.png; name = ic_clock2.png; path = ../../../AndroidStudioProjects/Timetable/app/src/main/res/drawable/ic_clock2.png; sourceTree = "<group>"; };
		02DD3B7C2501B5C500B28F13 /* VariousSettingTableViewController.swift */ = {isa = PBXFileReference; lastKnownFileType = sourcecode.swift; path = VariousSettingTableViewController.swift; sourceTree = "<group>"; };
		02DD3B7E2501BEC900B28F13 /* SettingsTableViewController.swift */ = {isa = PBXFileReference; lastKnownFileType = sourcecode.swift; path = SettingsTableViewController.swift; sourceTree = "<group>"; };
		02EABE4D2504CC9800628B40 /* ViewExtension.swift */ = {isa = PBXFileReference; lastKnownFileType = sourcecode.swift; path = ViewExtension.swift; sourceTree = "<group>"; };
		02EAEEBB2556AB4500DA86BD /* SettingDIalog.swift */ = {isa = PBXFileReference; lastKnownFileType = sourcecode.swift; path = SettingDIalog.swift; sourceTree = "<group>"; };
		02ED0835254C430F0030E2A7 /* DataExtension.swift */ = {isa = PBXFileReference; lastKnownFileType = sourcecode.swift; path = DataExtension.swift; sourceTree = "<group>"; };
		02F14B81254C2E7600AFDBE0 /* CalcExtension.swift */ = {isa = PBXFileReference; lastKnownFileType = sourcecode.swift; path = CalcExtension.swift; sourceTree = "<group>"; };
		02F6EC9C2558231800921E02 /* EnumSetting.swift */ = {isa = PBXFileReference; lastKnownFileType = sourcecode.swift; path = EnumSetting.swift; sourceTree = "<group>"; };
		02FB83B525331E99003B21C7 /* GoogleAppMeasurement.framework */ = {isa = PBXFileReference; lastKnownFileType = wrapper.framework; path = GoogleAppMeasurement.framework; sourceTree = "<group>"; };
		02FB83BC25331EB3003B21C7 /* GoogleUtilities.xcframework */ = {isa = PBXFileReference; lastKnownFileType = wrapper.xcframework; path = GoogleUtilities.xcframework; sourceTree = "<group>"; };
		02FB83C325331EBC003B21C7 /* Licenses */ = {isa = PBXFileReference; lastKnownFileType = folder; path = Licenses; sourceTree = "<group>"; };
		02FB83CA25331EC6003B21C7 /* nanopb.xcframework */ = {isa = PBXFileReference; lastKnownFileType = wrapper.xcframework; path = nanopb.xcframework; sourceTree = "<group>"; };
		02FB83D125331ECE003B21C7 /* PromisesObjC.xcframework */ = {isa = PBXFileReference; lastKnownFileType = wrapper.xcframework; path = PromisesObjC.xcframework; sourceTree = "<group>"; };
		02FB83D825331ED6003B21C7 /* UserMessagingPlatform.framework */ = {isa = PBXFileReference; lastKnownFileType = wrapper.framework; path = UserMessagingPlatform.framework; sourceTree = "<group>"; };
		02FB83DC25331F18003B21C7 /* GoogleMobileAds.framework */ = {isa = PBXFileReference; lastKnownFileType = wrapper.framework; path = GoogleMobileAds.framework; sourceTree = "<group>"; };
		02FB8438253DD845003B21C7 /* ja */ = {isa = PBXFileReference; lastKnownFileType = text.plist.strings; name = ja; path = ja.lproj/InfoPlist.strings; sourceTree = "<group>"; };
/* End PBXFileReference section */

/* Begin PBXFrameworksBuildPhase section */
		02DD3B402501333000B28F13 /* Frameworks */ = {
			isa = PBXFrameworksBuildPhase;
			buildActionMask = 2147483647;
			files = (
				02FB83DD25331F18003B21C7 /* GoogleMobileAds.framework in Frameworks */,
				02FB83CB25331EC6003B21C7 /* nanopb.xcframework in Frameworks */,
				02FB83B625331E99003B21C7 /* GoogleAppMeasurement.framework in Frameworks */,
				02FB83D925331ED6003B21C7 /* UserMessagingPlatform.framework in Frameworks */,
				021677B4254506D500461F3A /* MapKit.framework in Frameworks */,
				02FB83BD25331EB3003B21C7 /* GoogleUtilities.xcframework in Frameworks */,
				02FB83D225331ECE003B21C7 /* PromisesObjC.xcframework in Frameworks */,
			);
			runOnlyForDeploymentPostprocessing = 0;
		};
		02DD3B562501333200B28F13 /* Frameworks */ = {
			isa = PBXFrameworksBuildPhase;
			buildActionMask = 2147483647;
			files = (
				02FB83B725331E9A003B21C7 /* GoogleAppMeasurement.framework in Frameworks */,
				02FB83DA25331ED6003B21C7 /* UserMessagingPlatform.framework in Frameworks */,
				02668A5C252E8A3700E2B2CD /* GoogleMobileAds.framework in Frameworks */,
				02FB83BE25331EB3003B21C7 /* GoogleUtilities.xcframework in Frameworks */,
				02FB83CC25331EC6003B21C7 /* nanopb.xcframework in Frameworks */,
				02FB83D325331ECE003B21C7 /* PromisesObjC.xcframework in Frameworks */,
			);
			runOnlyForDeploymentPostprocessing = 0;
		};
		02DD3B612501333200B28F13 /* Frameworks */ = {
			isa = PBXFrameworksBuildPhase;
			buildActionMask = 2147483647;
			files = (
				02FB83DF25331F18003B21C7 /* GoogleMobileAds.framework in Frameworks */,
				02FB83CD25331EC6003B21C7 /* nanopb.xcframework in Frameworks */,
				02FB83B825331E9A003B21C7 /* GoogleAppMeasurement.framework in Frameworks */,
				02FB83DB25331ED6003B21C7 /* UserMessagingPlatform.framework in Frameworks */,
				02FB83BF25331EB3003B21C7 /* GoogleUtilities.xcframework in Frameworks */,
				02FB83D425331ECE003B21C7 /* PromisesObjC.xcframework in Frameworks */,
			);
			runOnlyForDeploymentPostprocessing = 0;
		};
/* End PBXFrameworksBuildPhase section */

/* Begin PBXGroup section */
		02DD3B3A2501333000B28F13 = {
			isa = PBXGroup;
			children = (
				02DD3B452501333000B28F13 /* mytimetablemaker */,
				02DD3B5C2501333200B28F13 /* mytimetablemakerTests */,
				02DD3B672501333200B28F13 /* mytimetablemakerUITests */,
				02DD3B442501333000B28F13 /* Products */,
				38BE281975B6FC02ECCC6BDD /* Frameworks */,
			);
			sourceTree = "<group>";
		};
		02DD3B442501333000B28F13 /* Products */ = {
			isa = PBXGroup;
			children = (
				02DD3B432501333000B28F13 /* mytimetablemaker.app */,
				02DD3B592501333200B28F13 /* mytimetablemakerTests.xctest */,
				02DD3B642501333200B28F13 /* mytimetablemakerUITests.xctest */,
			);
			name = Products;
			sourceTree = "<group>";
		};
		02DD3B452501333000B28F13 /* mytimetablemaker */ = {
			isa = PBXGroup;
			children = (
				02DD3B462501333000B28F13 /* AppDelegate.swift */,
				02DD3B482501333000B28F13 /* SceneDelegate.swift */,
				0236F16825031113008AEFF2 /* MainViewController.swift */,
				02DD3B7E2501BEC900B28F13 /* SettingsTableViewController.swift */,
				02DD3B7C2501B5C500B28F13 /* VariousSettingTableViewController.swift */,
				02061D352503589200B93F04 /* TimetableViewController.swift */,
				02F6EC9C2558231800921E02 /* EnumSetting.swift */,
				02473D6925222C380069A622 /* CalcTime.swift */,
				020066EA2506FA6E003806ED /* DateAndTime.swift */,
				0254B31325569E2800577244 /* Timetable.swift */,
				02F14B81254C2E7600AFDBE0 /* CalcExtension.swift */,
				02ED0835254C430F0030E2A7 /* DataExtension.swift */,
				02EABE4D2504CC9800628B40 /* ViewExtension.swift */,
				020066EE250AF4C5003806ED /* MainViewDialog.swift */,
				02EAEEBB2556AB4500DA86BD /* SettingDIalog.swift */,
				0209F04F2556A11000D14C0A /* TimetableDialog.swift */,
				02DD3B512501333200B28F13 /* LaunchScreen.storyboard */,
				02DD3B4C2501333000B28F13 /* Main.storyboard */,
				02473D9E2529B1B50069A622 /* Localizable.strings */,
				02DD3B4F2501333200B28F13 /* Assets.xcassets */,
				02DD3B782501342D00B28F13 /* ic_clock2.png */,
				02DD3B772501342D00B28F13 /* ic_settings1.png */,
				02DD3B542501333200B28F13 /* Info.plist */,
				022CDA6E254318120018CEC0 /* splash.png */,
				02FB8439253DD845003B21C7 /* InfoPlist.strings */,
			);
			path = mytimetablemaker;
			sourceTree = "<group>";
		};
		02DD3B5C2501333200B28F13 /* mytimetablemakerTests */ = {
			isa = PBXGroup;
			children = (
				02DD3B5D2501333200B28F13 /* mytimetablemakerTests.swift */,
				02DD3B5F2501333200B28F13 /* Info.plist */,
			);
			path = mytimetablemakerTests;
			sourceTree = "<group>";
		};
		02DD3B672501333200B28F13 /* mytimetablemakerUITests */ = {
			isa = PBXGroup;
			children = (
				02DD3B682501333200B28F13 /* mytimetablemakerUITests.swift */,
				02DD3B6A2501333200B28F13 /* Info.plist */,
			);
			path = mytimetablemakerUITests;
			sourceTree = "<group>";
		};
		38BE281975B6FC02ECCC6BDD /* Frameworks */ = {
			isa = PBXGroup;
			children = (
				021677B3254506D500461F3A /* MapKit.framework */,
				02FB83DC25331F18003B21C7 /* GoogleMobileAds.framework */,
				02FB83D825331ED6003B21C7 /* UserMessagingPlatform.framework */,
				02FB83D125331ECE003B21C7 /* PromisesObjC.xcframework */,
				02FB83CA25331EC6003B21C7 /* nanopb.xcframework */,
				02FB83C325331EBC003B21C7 /* Licenses */,
				02FB83B525331E99003B21C7 /* GoogleAppMeasurement.framework */,
				02FB83BC25331EB3003B21C7 /* GoogleUtilities.xcframework */,
				02668A5B252E8A3700E2B2CD /* GoogleMobileAds.framework */,
			);
			name = Frameworks;
			sourceTree = "<group>";
		};
/* End PBXGroup section */

/* Begin PBXNativeTarget section */
		02DD3B422501333000B28F13 /* mytimetablemaker */ = {
			isa = PBXNativeTarget;
			buildConfigurationList = 02DD3B6D2501333200B28F13 /* Build configuration list for PBXNativeTarget "mytimetablemaker" */;
			buildPhases = (
				02DD3B3F2501333000B28F13 /* Sources */,
				02DD3B402501333000B28F13 /* Frameworks */,
				02DD3B412501333000B28F13 /* Resources */,
			);
			buildRules = (
			);
			dependencies = (
			);
			name = mytimetablemaker;
			productName = mytimetablemaker;
			productReference = 02DD3B432501333000B28F13 /* mytimetablemaker.app */;
			productType = "com.apple.product-type.application";
		};
		02DD3B582501333200B28F13 /* mytimetablemakerTests */ = {
			isa = PBXNativeTarget;
			buildConfigurationList = 02DD3B702501333200B28F13 /* Build configuration list for PBXNativeTarget "mytimetablemakerTests" */;
			buildPhases = (
				02DD3B552501333200B28F13 /* Sources */,
				02DD3B562501333200B28F13 /* Frameworks */,
				02DD3B572501333200B28F13 /* Resources */,
			);
			buildRules = (
			);
			dependencies = (
				02DD3B5B2501333200B28F13 /* PBXTargetDependency */,
			);
			name = mytimetablemakerTests;
			productName = mytimetablemakerTests;
			productReference = 02DD3B592501333200B28F13 /* mytimetablemakerTests.xctest */;
			productType = "com.apple.product-type.bundle.unit-test";
		};
		02DD3B632501333200B28F13 /* mytimetablemakerUITests */ = {
			isa = PBXNativeTarget;
			buildConfigurationList = 02DD3B732501333200B28F13 /* Build configuration list for PBXNativeTarget "mytimetablemakerUITests" */;
			buildPhases = (
				02DD3B602501333200B28F13 /* Sources */,
				02DD3B612501333200B28F13 /* Frameworks */,
				02DD3B622501333200B28F13 /* Resources */,
			);
			buildRules = (
			);
			dependencies = (
				02DD3B662501333200B28F13 /* PBXTargetDependency */,
			);
			name = mytimetablemakerUITests;
			productName = mytimetablemakerUITests;
			productReference = 02DD3B642501333200B28F13 /* mytimetablemakerUITests.xctest */;
			productType = "com.apple.product-type.bundle.ui-testing";
		};
/* End PBXNativeTarget section */

/* Begin PBXProject section */
		02DD3B3B2501333000B28F13 /* Project object */ = {
			isa = PBXProject;
			attributes = {
				LastSwiftUpdateCheck = 1170;
				LastUpgradeCheck = 1210;
				ORGANIZATIONNAME = com.nakajimamasao;
				TargetAttributes = {
					02DD3B422501333000B28F13 = {
						CreatedOnToolsVersion = 11.7;
					};
					02DD3B582501333200B28F13 = {
						CreatedOnToolsVersion = 11.7;
						TestTargetID = 02DD3B422501333000B28F13;
					};
					02DD3B632501333200B28F13 = {
						CreatedOnToolsVersion = 11.7;
						TestTargetID = 02DD3B422501333000B28F13;
					};
				};
			};
			buildConfigurationList = 02DD3B3E2501333000B28F13 /* Build configuration list for PBXProject "mytimetablemaker" */;
			compatibilityVersion = "Xcode 9.3";
			developmentRegion = en;
			hasScannedForEncodings = 0;
			knownRegions = (
				en,
				Base,
				ja,
			);
			mainGroup = 02DD3B3A2501333000B28F13;
			productRefGroup = 02DD3B442501333000B28F13 /* Products */;
			projectDirPath = "";
			projectRoot = "";
			targets = (
				02DD3B422501333000B28F13 /* mytimetablemaker */,
				02DD3B582501333200B28F13 /* mytimetablemakerTests */,
				02DD3B632501333200B28F13 /* mytimetablemakerUITests */,
			);
		};
/* End PBXProject section */

/* Begin PBXResourcesBuildPhase section */
		02DD3B412501333000B28F13 /* Resources */ = {
			isa = PBXResourcesBuildPhase;
			buildActionMask = 2147483647;
			files = (
				02DD3B532501333200B28F13 /* LaunchScreen.storyboard in Resources */,
				02FB8435253DD845003B21C7 /* InfoPlist.strings in Resources */,
				02473D9C2529B1B50069A622 /* Localizable.strings in Resources */,
				02DD3B7A2501342E00B28F13 /* ic_settings1.png in Resources */,
				02DD3B502501333200B28F13 /* Assets.xcassets in Resources */,
				02FB83C425331EBC003B21C7 /* Licenses in Resources */,
				02DD3B4E2501333000B28F13 /* Main.storyboard in Resources */,
				022CDA6F254318120018CEC0 /* splash.png in Resources */,
				02DD3B7B2501342E00B28F13 /* ic_clock2.png in Resources */,
			);
			runOnlyForDeploymentPostprocessing = 0;
		};
		02DD3B572501333200B28F13 /* Resources */ = {
			isa = PBXResourcesBuildPhase;
			buildActionMask = 2147483647;
			files = (
				02FB83C525331EBC003B21C7 /* Licenses in Resources */,
				02FB8436253DD845003B21C7 /* InfoPlist.strings in Resources */,
			);
			runOnlyForDeploymentPostprocessing = 0;
		};
		02DD3B622501333200B28F13 /* Resources */ = {
			isa = PBXResourcesBuildPhase;
			buildActionMask = 2147483647;
			files = (
				02FB83C625331EBC003B21C7 /* Licenses in Resources */,
				02FB8437253DD845003B21C7 /* InfoPlist.strings in Resources */,
			);
			runOnlyForDeploymentPostprocessing = 0;
		};
/* End PBXResourcesBuildPhase section */

/* Begin PBXSourcesBuildPhase section */
		02DD3B3F2501333000B28F13 /* Sources */ = {
			isa = PBXSourcesBuildPhase;
			buildActionMask = 2147483647;
			files = (
				020066EB2506FA6E003806ED /* DateAndTime.swift in Sources */,
				02DD3B7D2501B5C500B28F13 /* VariousSettingTableViewController.swift in Sources */,
				02DD3B7F2501BEC900B28F13 /* SettingsTableViewController.swift in Sources */,
				0236F16925031113008AEFF2 /* MainViewController.swift in Sources */,
				02DD3B472501333000B28F13 /* AppDelegate.swift in Sources */,
				02473D6A25222C380069A622 /* CalcTime.swift in Sources */,
				02061D362503589200B93F04 /* TimetableViewController.swift in Sources */,
				02F14B82254C2E7600AFDBE0 /* CalcExtension.swift in Sources */,
				02DD3B492501333000B28F13 /* SceneDelegate.swift in Sources */,
				02ED0836254C430F0030E2A7 /* DataExtension.swift in Sources */,
				0254B31425569E2800577244 /* Timetable.swift in Sources */,
				020066EF250AF4C5003806ED /* MainViewDialog.swift in Sources */,
				02EAEEBC2556AB4500DA86BD /* SettingDIalog.swift in Sources */,
				0209F0502556A11000D14C0A /* TimetableDialog.swift in Sources */,
				02EABE4E2504CC9800628B40 /* ViewExtension.swift in Sources */,
				02F6EC9D2558231800921E02 /* EnumSetting.swift in Sources */,
			);
			runOnlyForDeploymentPostprocessing = 0;
		};
		02DD3B552501333200B28F13 /* Sources */ = {
			isa = PBXSourcesBuildPhase;
			buildActionMask = 2147483647;
			files = (
				02DD3B5E2501333200B28F13 /* mytimetablemakerTests.swift in Sources */,
			);
			runOnlyForDeploymentPostprocessing = 0;
		};
		02DD3B602501333200B28F13 /* Sources */ = {
			isa = PBXSourcesBuildPhase;
			buildActionMask = 2147483647;
			files = (
				02DD3B692501333200B28F13 /* mytimetablemakerUITests.swift in Sources */,
			);
			runOnlyForDeploymentPostprocessing = 0;
		};
/* End PBXSourcesBuildPhase section */

/* Begin PBXTargetDependency section */
		02DD3B5B2501333200B28F13 /* PBXTargetDependency */ = {
			isa = PBXTargetDependency;
			target = 02DD3B422501333000B28F13 /* mytimetablemaker */;
			targetProxy = 02DD3B5A2501333200B28F13 /* PBXContainerItemProxy */;
		};
		02DD3B662501333200B28F13 /* PBXTargetDependency */ = {
			isa = PBXTargetDependency;
			target = 02DD3B422501333000B28F13 /* mytimetablemaker */;
			targetProxy = 02DD3B652501333200B28F13 /* PBXContainerItemProxy */;
		};
/* End PBXTargetDependency section */

/* Begin PBXVariantGroup section */
		02473D9E2529B1B50069A622 /* Localizable.strings */ = {
			isa = PBXVariantGroup;
			children = (
				02473DAA2529B2540069A622 /* ja */,
				02473DAF2529B3D10069A622 /* en */,
			);
			name = Localizable.strings;
			sourceTree = "<group>";
		};
		02DD3B4C2501333000B28F13 /* Main.storyboard */ = {
			isa = PBXVariantGroup;
			children = (
				02DD3B4D2501333000B28F13 /* Base */,
				02473DAE2529B32D0069A622 /* ja */,
			);
			name = Main.storyboard;
			sourceTree = "<group>";
		};
		02DD3B512501333200B28F13 /* LaunchScreen.storyboard */ = {
			isa = PBXVariantGroup;
			children = (
				02DD3B522501333200B28F13 /* Base */,
				02473DA92529B2540069A622 /* ja */,
			);
			name = LaunchScreen.storyboard;
			sourceTree = "<group>";
		};
		02FB8439253DD845003B21C7 /* InfoPlist.strings */ = {
			isa = PBXVariantGroup;
			children = (
				02FB8438253DD845003B21C7 /* ja */,
			);
			name = InfoPlist.strings;
			sourceTree = "<group>";
		};
/* End PBXVariantGroup section */

/* Begin XCBuildConfiguration section */
		02DD3B6B2501333200B28F13 /* Debug */ = {
			isa = XCBuildConfiguration;
			buildSettings = {
				ALWAYS_SEARCH_USER_PATHS = NO;
				CLANG_ANALYZER_LOCALIZABILITY_NONLOCALIZED = YES;
				CLANG_ANALYZER_NONNULL = YES;
				CLANG_ANALYZER_NUMBER_OBJECT_CONVERSION = YES_AGGRESSIVE;
				CLANG_CXX_LANGUAGE_STANDARD = "gnu++14";
				CLANG_CXX_LIBRARY = "libc++";
				CLANG_ENABLE_MODULES = YES;
				CLANG_ENABLE_OBJC_ARC = YES;
				CLANG_ENABLE_OBJC_WEAK = YES;
				CLANG_WARN_BLOCK_CAPTURE_AUTORELEASING = YES;
				CLANG_WARN_BOOL_CONVERSION = YES;
				CLANG_WARN_COMMA = YES;
				CLANG_WARN_CONSTANT_CONVERSION = YES;
				CLANG_WARN_DEPRECATED_OBJC_IMPLEMENTATIONS = YES;
				CLANG_WARN_DIRECT_OBJC_ISA_USAGE = YES_ERROR;
				CLANG_WARN_DOCUMENTATION_COMMENTS = YES;
				CLANG_WARN_EMPTY_BODY = YES;
				CLANG_WARN_ENUM_CONVERSION = YES;
				CLANG_WARN_INFINITE_RECURSION = YES;
				CLANG_WARN_INT_CONVERSION = YES;
				CLANG_WARN_NON_LITERAL_NULL_CONVERSION = YES;
				CLANG_WARN_OBJC_IMPLICIT_RETAIN_SELF = YES;
				CLANG_WARN_OBJC_LITERAL_CONVERSION = YES;
				CLANG_WARN_OBJC_ROOT_CLASS = YES_ERROR;
				CLANG_WARN_QUOTED_INCLUDE_IN_FRAMEWORK_HEADER = YES;
				CLANG_WARN_RANGE_LOOP_ANALYSIS = YES;
				CLANG_WARN_STRICT_PROTOTYPES = YES;
				CLANG_WARN_SUSPICIOUS_MOVE = YES;
				CLANG_WARN_UNGUARDED_AVAILABILITY = YES_AGGRESSIVE;
				CLANG_WARN_UNREACHABLE_CODE = YES;
				CLANG_WARN__DUPLICATE_METHOD_MATCH = YES;
				CODE_SIGN_IDENTITY = "Apple Development: chelseav3@hotmail.com (XDR52238D5)";
				COPY_PHASE_STRIP = NO;
				DEBUG_INFORMATION_FORMAT = dwarf;
				ENABLE_STRICT_OBJC_MSGSEND = YES;
				ENABLE_TESTABILITY = YES;
				FRAMEWORK_SEARCH_PATHS = "";
				GCC_C_LANGUAGE_STANDARD = gnu11;
				GCC_DYNAMIC_NO_PIC = NO;
				GCC_NO_COMMON_BLOCKS = YES;
				GCC_OPTIMIZATION_LEVEL = 0;
				GCC_PREPROCESSOR_DEFINITIONS = (
					"DEBUG=1",
					"$(inherited)",
				);
				GCC_WARN_64_TO_32_BIT_CONVERSION = YES;
				GCC_WARN_ABOUT_RETURN_TYPE = YES_ERROR;
				GCC_WARN_UNDECLARED_SELECTOR = YES;
				GCC_WARN_UNINITIALIZED_AUTOS = YES_AGGRESSIVE;
				GCC_WARN_UNUSED_FUNCTION = YES;
				GCC_WARN_UNUSED_VARIABLE = YES;
				IPHONEOS_DEPLOYMENT_TARGET = 14.0;
				MTL_ENABLE_DEBUG_INFO = INCLUDE_SOURCE;
				MTL_FAST_MATH = YES;
				ONLY_ACTIVE_ARCH = YES;
				OTHER_LDFLAGS = "-ObjC";
				SDKROOT = iphoneos;
				SWIFT_ACTIVE_COMPILATION_CONDITIONS = DEBUG;
				SWIFT_OPTIMIZATION_LEVEL = "-Onone";
			};
			name = Debug;
		};
		02DD3B6C2501333200B28F13 /* Release */ = {
			isa = XCBuildConfiguration;
			buildSettings = {
				ALWAYS_SEARCH_USER_PATHS = NO;
				CLANG_ANALYZER_LOCALIZABILITY_NONLOCALIZED = YES;
				CLANG_ANALYZER_NONNULL = YES;
				CLANG_ANALYZER_NUMBER_OBJECT_CONVERSION = YES_AGGRESSIVE;
				CLANG_CXX_LANGUAGE_STANDARD = "gnu++14";
				CLANG_CXX_LIBRARY = "libc++";
				CLANG_ENABLE_MODULES = YES;
				CLANG_ENABLE_OBJC_ARC = YES;
				CLANG_ENABLE_OBJC_WEAK = YES;
				CLANG_WARN_BLOCK_CAPTURE_AUTORELEASING = YES;
				CLANG_WARN_BOOL_CONVERSION = YES;
				CLANG_WARN_COMMA = YES;
				CLANG_WARN_CONSTANT_CONVERSION = YES;
				CLANG_WARN_DEPRECATED_OBJC_IMPLEMENTATIONS = YES;
				CLANG_WARN_DIRECT_OBJC_ISA_USAGE = YES_ERROR;
				CLANG_WARN_DOCUMENTATION_COMMENTS = YES;
				CLANG_WARN_EMPTY_BODY = YES;
				CLANG_WARN_ENUM_CONVERSION = YES;
				CLANG_WARN_INFINITE_RECURSION = YES;
				CLANG_WARN_INT_CONVERSION = YES;
				CLANG_WARN_NON_LITERAL_NULL_CONVERSION = YES;
				CLANG_WARN_OBJC_IMPLICIT_RETAIN_SELF = YES;
				CLANG_WARN_OBJC_LITERAL_CONVERSION = YES;
				CLANG_WARN_OBJC_ROOT_CLASS = YES_ERROR;
				CLANG_WARN_QUOTED_INCLUDE_IN_FRAMEWORK_HEADER = YES;
				CLANG_WARN_RANGE_LOOP_ANALYSIS = YES;
				CLANG_WARN_STRICT_PROTOTYPES = YES;
				CLANG_WARN_SUSPICIOUS_MOVE = YES;
				CLANG_WARN_UNGUARDED_AVAILABILITY = YES_AGGRESSIVE;
				CLANG_WARN_UNREACHABLE_CODE = YES;
				CLANG_WARN__DUPLICATE_METHOD_MATCH = YES;
				CODE_SIGN_IDENTITY = "iPhone Distribution";
				COPY_PHASE_STRIP = NO;
				DEBUG_INFORMATION_FORMAT = "dwarf-with-dsym";
				ENABLE_NS_ASSERTIONS = NO;
				ENABLE_STRICT_OBJC_MSGSEND = YES;
				FRAMEWORK_SEARCH_PATHS = "";
				GCC_C_LANGUAGE_STANDARD = gnu11;
				GCC_NO_COMMON_BLOCKS = YES;
				GCC_WARN_64_TO_32_BIT_CONVERSION = YES;
				GCC_WARN_ABOUT_RETURN_TYPE = YES_ERROR;
				GCC_WARN_UNDECLARED_SELECTOR = YES;
				GCC_WARN_UNINITIALIZED_AUTOS = YES_AGGRESSIVE;
				GCC_WARN_UNUSED_FUNCTION = YES;
				GCC_WARN_UNUSED_VARIABLE = YES;
				IPHONEOS_DEPLOYMENT_TARGET = 14.0;
				MTL_ENABLE_DEBUG_INFO = NO;
				MTL_FAST_MATH = YES;
				OTHER_LDFLAGS = "-ObjC";
				SDKROOT = iphoneos;
				SWIFT_COMPILATION_MODE = wholemodule;
				SWIFT_OPTIMIZATION_LEVEL = "-O";
				VALIDATE_PRODUCT = YES;
			};
			name = Release;
		};
		02DD3B6E2501333200B28F13 /* Debug */ = {
			isa = XCBuildConfiguration;
			buildSettings = {
				ASSETCATALOG_COMPILER_APPICON_NAME = AppIcon;
				CODE_SIGN_IDENTITY = "Apple Development";
				CODE_SIGN_STYLE = Automatic;
				CURRENT_PROJECT_VERSION = 4;
				DEVELOPMENT_TEAM = P3MMV68RR4;
				FRAMEWORK_SEARCH_PATHS = (
					"$(inherited)",
					"$(PROJECT_DIR)",
				);
				INFOPLIST_FILE = mytimetablemaker/Info.plist;
				LD_RUNPATH_SEARCH_PATHS = (
					"$(inherited)",
					"@executable_path/Frameworks",
				);
				MARKETING_VERSION = 1.0.4;
				PRODUCT_BUNDLE_IDENTIFIER = Personal.mytimetablemaker;
				PRODUCT_NAME = "$(TARGET_NAME)";
				PROVISIONING_PROFILE_SPECIFIER = "";
				SWIFT_VERSION = 5.0;
				TARGETED_DEVICE_FAMILY = "1,2";
			};
			name = Debug;
		};
		02DD3B6F2501333200B28F13 /* Release */ = {
			isa = XCBuildConfiguration;
			buildSettings = {
				ASSETCATALOG_COMPILER_APPICON_NAME = AppIcon;
				CODE_SIGN_IDENTITY = "Apple Development";
				CODE_SIGN_STYLE = Automatic;
				CURRENT_PROJECT_VERSION = 4;
				DEVELOPMENT_TEAM = P3MMV68RR4;
				FRAMEWORK_SEARCH_PATHS = (
					"$(inherited)",
					"$(PROJECT_DIR)",
				);
				INFOPLIST_FILE = mytimetablemaker/Info.plist;
				LD_RUNPATH_SEARCH_PATHS = (
					"$(inherited)",
					"@executable_path/Frameworks",
				);
				MARKETING_VERSION = 1.0.4;
				PRODUCT_BUNDLE_IDENTIFIER = Personal.mytimetablemaker;
				PRODUCT_NAME = "$(TARGET_NAME)";
				PROVISIONING_PROFILE_SPECIFIER = "";
				SWIFT_VERSION = 5.0;
				TARGETED_DEVICE_FAMILY = "1,2";
			};
			name = Release;
		};
		02DD3B712501333200B28F13 /* Debug */ = {
			isa = XCBuildConfiguration;
			buildSettings = {
				ALWAYS_EMBED_SWIFT_STANDARD_LIBRARIES = YES;
				BUNDLE_LOADER = "$(TEST_HOST)";
				CODE_SIGN_STYLE = Automatic;
				DEVELOPMENT_TEAM = P3MMV68RR4;
				FRAMEWORK_SEARCH_PATHS = (
					"$(inherited)",
					"$(PROJECT_DIR)",
				);
				INFOPLIST_FILE = mytimetablemakerTests/Info.plist;
				IPHONEOS_DEPLOYMENT_TARGET = 13.7;
				LD_RUNPATH_SEARCH_PATHS = (
					"$(inherited)",
					"@executable_path/Frameworks",
					"@loader_path/Frameworks",
				);
				PRODUCT_BUNDLE_IDENTIFIER = Personal.mytimetablemakerTests;
				PRODUCT_NAME = "$(TARGET_NAME)";
				SWIFT_VERSION = 5.0;
				TARGETED_DEVICE_FAMILY = "1,2";
				TEST_HOST = "$(BUILT_PRODUCTS_DIR)/mytimetablemaker.app/mytimetablemaker";
			};
			name = Debug;
		};
		02DD3B722501333200B28F13 /* Release */ = {
			isa = XCBuildConfiguration;
			buildSettings = {
				ALWAYS_EMBED_SWIFT_STANDARD_LIBRARIES = YES;
				BUNDLE_LOADER = "$(TEST_HOST)";
				CODE_SIGN_STYLE = Automatic;
				DEVELOPMENT_TEAM = P3MMV68RR4;
				FRAMEWORK_SEARCH_PATHS = (
					"$(inherited)",
					"$(PROJECT_DIR)",
				);
				INFOPLIST_FILE = mytimetablemakerTests/Info.plist;
				IPHONEOS_DEPLOYMENT_TARGET = 13.7;
				LD_RUNPATH_SEARCH_PATHS = (
					"$(inherited)",
					"@executable_path/Frameworks",
					"@loader_path/Frameworks",
				);
				PRODUCT_BUNDLE_IDENTIFIER = Personal.mytimetablemakerTests;
				PRODUCT_NAME = "$(TARGET_NAME)";
				SWIFT_VERSION = 5.0;
				TARGETED_DEVICE_FAMILY = "1,2";
				TEST_HOST = "$(BUILT_PRODUCTS_DIR)/mytimetablemaker.app/mytimetablemaker";
			};
			name = Release;
		};
		02DD3B742501333200B28F13 /* Debug */ = {
			isa = XCBuildConfiguration;
			buildSettings = {
				ALWAYS_EMBED_SWIFT_STANDARD_LIBRARIES = YES;
				CODE_SIGN_STYLE = Automatic;
				DEVELOPMENT_TEAM = P3MMV68RR4;
				FRAMEWORK_SEARCH_PATHS = (
					"$(inherited)",
					"$(PROJECT_DIR)",
				);
				INFOPLIST_FILE = mytimetablemakerUITests/Info.plist;
				LD_RUNPATH_SEARCH_PATHS = (
					"$(inherited)",
					"@executable_path/Frameworks",
					"@loader_path/Frameworks",
				);
				PRODUCT_BUNDLE_IDENTIFIER = Personal.mytimetablemakerUITests;
				PRODUCT_NAME = "$(TARGET_NAME)";
				SWIFT_VERSION = 5.0;
				TARGETED_DEVICE_FAMILY = "1,2";
				TEST_TARGET_NAME = mytimetablemaker;
			};
			name = Debug;
		};
		02DD3B752501333200B28F13 /* Release */ = {
			isa = XCBuildConfiguration;
			buildSettings = {
				ALWAYS_EMBED_SWIFT_STANDARD_LIBRARIES = YES;
				CODE_SIGN_STYLE = Automatic;
				DEVELOPMENT_TEAM = P3MMV68RR4;
				FRAMEWORK_SEARCH_PATHS = (
					"$(inherited)",
					"$(PROJECT_DIR)",
				);
				INFOPLIST_FILE = mytimetablemakerUITests/Info.plist;
				LD_RUNPATH_SEARCH_PATHS = (
					"$(inherited)",
					"@executable_path/Frameworks",
					"@loader_path/Frameworks",
				);
				PRODUCT_BUNDLE_IDENTIFIER = Personal.mytimetablemakerUITests;
				PRODUCT_NAME = "$(TARGET_NAME)";
				SWIFT_VERSION = 5.0;
				TARGETED_DEVICE_FAMILY = "1,2";
				TEST_TARGET_NAME = mytimetablemaker;
			};
			name = Release;
		};
/* End XCBuildConfiguration section */

/* Begin XCConfigurationList section */
		02DD3B3E2501333000B28F13 /* Build configuration list for PBXProject "mytimetablemaker" */ = {
			isa = XCConfigurationList;
			buildConfigurations = (
				02DD3B6B2501333200B28F13 /* Debug */,
				02DD3B6C2501333200B28F13 /* Release */,
			);
			defaultConfigurationIsVisible = 0;
			defaultConfigurationName = Release;
		};
		02DD3B6D2501333200B28F13 /* Build configuration list for PBXNativeTarget "mytimetablemaker" */ = {
			isa = XCConfigurationList;
			buildConfigurations = (
				02DD3B6E2501333200B28F13 /* Debug */,
				02DD3B6F2501333200B28F13 /* Release */,
			);
			defaultConfigurationIsVisible = 0;
			defaultConfigurationName = Release;
		};
		02DD3B702501333200B28F13 /* Build configuration list for PBXNativeTarget "mytimetablemakerTests" */ = {
			isa = XCConfigurationList;
			buildConfigurations = (
				02DD3B712501333200B28F13 /* Debug */,
				02DD3B722501333200B28F13 /* Release */,
			);
			defaultConfigurationIsVisible = 0;
			defaultConfigurationName = Release;
		};
		02DD3B732501333200B28F13 /* Build configuration list for PBXNativeTarget "mytimetablemakerUITests" */ = {
			isa = XCConfigurationList;
			buildConfigurations = (
				02DD3B742501333200B28F13 /* Debug */,
				02DD3B752501333200B28F13 /* Release */,
			);
			defaultConfigurationIsVisible = 0;
			defaultConfigurationName = Release;
		};
/* End XCConfigurationList section */
	};
	rootObject = 02DD3B3B2501333000B28F13 /* Project object */;
}
